
Microsoft Visual Studio Solution File, Format Version 12.00
# Visual Studio 15
VisualStudioVersion = 15.0.27004.2005
MinimumVisualStudioVersion = 10.0.40219.1
Project("{FAE04EC0-301F-11D3-BF4B-00C04F79EFBC}") = "Microsoft.RestApi.Common", "Microsoft.RestApi.Common\Microsoft.RestApi.Common.csproj", "{94342E12-A2A7-4FA3-86F7-9C4AF17D1F01}"
EndProject
Project("{FAE04EC0-301F-11D3-BF4B-00C04F79EFBC}") = "Microsoft.RestApi", "Microsoft.RestApi\Microsoft.RestApi.csproj", "{B8B8329E-2C18-4728-A1D3-68267E052433}"
EndProject
Project("{FAE04EC0-301F-11D3-BF4B-00C04F79EFBC}") = "Microsoft.RestApi.UnitTest", "Microsoft.RestApi.UnitTest\Microsoft.RestApi.UnitTest.csproj", "{620B178A-7348-47C1-BC00-F72A4B7A813A}"
EndProject
Global
	GlobalSection(SolutionConfigurationPlatforms) = preSolution
		Debug|Any CPU = Debug|Any CPU
		Release|Any CPU = Release|Any CPU
	EndGlobalSection
	GlobalSection(ProjectConfigurationPlatforms) = postSolution
		{94342E12-A2A7-4FA3-86F7-9C4AF17D1F01}.Debug|Any CPU.ActiveCfg = Debug|Any CPU
		{94342E12-A2A7-4FA3-86F7-9C4AF17D1F01}.Debug|Any CPU.Build.0 = Debug|Any CPU
		{94342E12-A2A7-4FA3-86F7-9C4AF17D1F01}.Release|Any CPU.ActiveCfg = Release|Any CPU
		{94342E12-A2A7-4FA3-86F7-9C4AF17D1F01}.Release|Any CPU.Build.0 = Release|Any CPU
		{B8B8329E-2C18-4728-A1D3-68267E052433}.Debug|Any CPU.ActiveCfg = Debug|Any CPU
		{B8B8329E-2C18-4728-A1D3-68267E052433}.Debug|Any CPU.Build.0 = Debug|Any CPU
		{B8B8329E-2C18-4728-A1D3-68267E052433}.Release|Any CPU.ActiveCfg = Release|Any CPU
		{B8B8329E-2C18-4728-A1D3-68267E052433}.Release|Any CPU.Build.0 = Release|Any CPU
		{620B178A-7348-47C1-BC00-F72A4B7A813A}.Debug|Any CPU.ActiveCfg = Debug|Any CPU
		{620B178A-7348-47C1-BC00-F72A4B7A813A}.Debug|Any CPU.Build.0 = Debug|Any CPU
		{620B178A-7348-47C1-BC00-F72A4B7A813A}.Release|Any CPU.ActiveCfg = Release|Any CPU
		{620B178A-7348-47C1-BC00-F72A4B7A813A}.Release|Any CPU.Build.0 = Release|Any CPU
	EndGlobalSection
	GlobalSection(SolutionProperties) = preSolution
		HideSolutionNode = FALSE
	EndGlobalSection
	GlobalSection(ExtensibilityGlobals) = postSolution
		SolutionGuid = {63CD5A65-32AE-4D95-9890-927D9F9D7320}
	EndGlobalSection
EndGlobal
